// !$*UTF8*$!
{
	archiveVersion = 1;
	classes = {
	};
	objectVersion = 50;
	objects = {

/* Begin PBXBuildFile section */
		6267320422DF8E610031C145 /* Entry.swift in Sources */ = {isa = PBXBuildFile; fileRef = 6267320322DF8E610031C145 /* Entry.swift */; };
		FBD1394722DF8C2800A58EFC /* AppDelegate.swift in Sources */ = {isa = PBXBuildFile; fileRef = FBD1394622DF8C2800A58EFC /* AppDelegate.swift */; };
		FBD1394922DF8C2800A58EFC /* ViewController.swift in Sources */ = {isa = PBXBuildFile; fileRef = FBD1394822DF8C2800A58EFC /* ViewController.swift */; };
		FBD1394C22DF8C2800A58EFC /* Main.storyboard in Resources */ = {isa = PBXBuildFile; fileRef = FBD1394A22DF8C2800A58EFC /* Main.storyboard */; };
		FBD1394E22DF8C2900A58EFC /* Assets.xcassets in Resources */ = {isa = PBXBuildFile; fileRef = FBD1394D22DF8C2900A58EFC /* Assets.xcassets */; };
		FBD1395122DF8C2900A58EFC /* LaunchScreen.storyboard in Resources */ = {isa = PBXBuildFile; fileRef = FBD1394F22DF8C2900A58EFC /* LaunchScreen.storyboard */; };
/* End PBXBuildFile section */

/* Begin PBXFileReference section */
		6267320322DF8E610031C145 /* Entry.swift */ = {isa = PBXFileReference; lastKnownFileType = sourcecode.swift; path = Entry.swift; sourceTree = "<group>"; };
		FBD1394322DF8C2800A58EFC /* JournalButCoolerCooler.app */ = {isa = PBXFileReference; explicitFileType = wrapper.application; includeInIndex = 0; path = JournalButCoolerCooler.app; sourceTree = BUILT_PRODUCTS_DIR; };
		FBD1394622DF8C2800A58EFC /* AppDelegate.swift */ = {isa = PBXFileReference; lastKnownFileType = sourcecode.swift; path = AppDelegate.swift; sourceTree = "<group>"; };
		FBD1394822DF8C2800A58EFC /* ViewController.swift */ = {isa = PBXFileReference; lastKnownFileType = sourcecode.swift; path = ViewController.swift; sourceTree = "<group>"; };
		FBD1394B22DF8C2800A58EFC /* Base */ = {isa = PBXFileReference; lastKnownFileType = file.storyboard; name = Base; path = Base.lproj/Main.storyboard; sourceTree = "<group>"; };
		FBD1394D22DF8C2900A58EFC /* Assets.xcassets */ = {isa = PBXFileReference; lastKnownFileType = folder.assetcatalog; path = Assets.xcassets; sourceTree = "<group>"; };
		FBD1395022DF8C2900A58EFC /* Base */ = {isa = PBXFileReference; lastKnownFileType = file.storyboard; name = Base; path = Base.lproj/LaunchScreen.storyboard; sourceTree = "<group>"; };
		FBD1395222DF8C2900A58EFC /* Info.plist */ = {isa = PBXFileReference; lastKnownFileType = text.plist.xml; path = Info.plist; sourceTree = "<group>"; };
/* End PBXFileReference section */

/* Begin PBXFrameworksBuildPhase section */
		FBD1394022DF8C2800A58EFC /* Frameworks */ = {
			isa = PBXFrameworksBuildPhase;
			buildActionMask = 2147483647;
			files = (
			);
			runOnlyForDeploymentPostprocessing = 0;
		};
/* End PBXFrameworksBuildPhase section */

/* Begin PBXGroup section */
		6267320522DF8E650031C145 /* Model */ = {
			isa = PBXGroup;
			children = (
				6267320322DF8E610031C145 /* Entry.swift */,
			);
			path = Model;
			sourceTree = "<group>";
		};
		FBD1393A22DF8C2800A58EFC = {
			isa = PBXGroup;
			children = (
				FBD1394522DF8C2800A58EFC /* JournalButCoolerCooler */,
				FBD1394422DF8C2800A58EFC /* Products */,
			);
			sourceTree = "<group>";
		};
		FBD1394422DF8C2800A58EFC /* Products */ = {
			isa = PBXGroup;
			children = (
				FBD1394322DF8C2800A58EFC /* JournalButCoolerCooler.app */,
			);
			name = Products;
			sourceTree = "<group>";
		};
		FBD1394522DF8C2800A58EFC /* JournalButCoolerCooler */ = {
			isa = PBXGroup;
			children = (
				FBD1394622DF8C2800A58EFC /* AppDelegate.swift */,
				FBD1394822DF8C2800A58EFC /* ViewController.swift */,
				FBD1394A22DF8C2800A58EFC /* Main.storyboard */,
				FBD1394D22DF8C2900A58EFC /* Assets.xcassets */,
				FBD1394F22DF8C2900A58EFC /* LaunchScreen.storyboard */,
				FBD1395222DF8C2900A58EFC /* Info.plist */,
				6267320522DF8E650031C145 /* Model */,
			);
			path = JournalButCoolerCooler;
			sourceTree = "<group>";
		};
/* End PBXGroup section */

/* Begin PBXNativeTarget section */
		FBD1394222DF8C2800A58EFC /* JournalButCoolerCooler */ = {
			isa = PBXNativeTarget;
			buildConfigurationList = FBD1395522DF8C2900A58EFC /* Build configuration list for PBXNativeTarget "JournalButCoolerCooler" */;
			buildPhases = (
				FBD1393F22DF8C2800A58EFC /* Sources */,
				FBD1394022DF8C2800A58EFC /* Frameworks */,
				FBD1394122DF8C2800A58EFC /* Resources */,
			);
			buildRules = (
			);
			dependencies = (
			);
			name = JournalButCoolerCooler;
			productName = JournalButCoolerCooler;
			productReference = FBD1394322DF8C2800A58EFC /* JournalButCoolerCooler.app */;
			productType = "com.apple.product-type.application";
		};
/* End PBXNativeTarget section */

/* Begin PBXProject section */
		FBD1393B22DF8C2800A58EFC /* Project object */ = {
			isa = PBXProject;
			attributes = {
				LastSwiftUpdateCheck = 1020;
				LastUpgradeCheck = 1020;
				ORGANIZATIONNAME = "Karl Pfister";
				TargetAttributes = {
					FBD1394222DF8C2800A58EFC = {
						CreatedOnToolsVersion = 10.2.1;
					};
				};
			};
			buildConfigurationList = FBD1393E22DF8C2800A58EFC /* Build configuration list for PBXProject "JournalButCoolerCooler" */;
			compatibilityVersion = "Xcode 9.3";
			developmentRegion = en;
			hasScannedForEncodings = 0;
			knownRegions = (
				en,
				Base,
			);
			mainGroup = FBD1393A22DF8C2800A58EFC;
			productRefGroup = FBD1394422DF8C2800A58EFC /* Products */;
			projectDirPath = "";
			projectRoot = "";
			targets = (
				FBD1394222DF8C2800A58EFC /* JournalButCoolerCooler */,
			);
		};
/* End PBXProject section */

/* Begin PBXResourcesBuildPhase section */
		FBD1394122DF8C2800A58EFC /* Resources */ = {
			isa = PBXResourcesBuildPhase;
			buildActionMask = 2147483647;
			files = (
				FBD1395122DF8C2900A58EFC /* LaunchScreen.storyboard in Resources */,
				FBD1394E22DF8C2900A58EFC /* Assets.xcassets in Resources */,
				FBD1394C22DF8C2800A58EFC /* Main.storyboard in Resources */,
			);
			runOnlyForDeploymentPostprocessing = 0;
		};
/* End PBXResourcesBuildPhase section */

/* Begin PBXSourcesBuildPhase section */
		FBD1393F22DF8C2800A58EFC /* Sources */ = {
			isa = PBXSourcesBuildPhase;
			buildActionMask = 2147483647;
			files = (
				6267320422DF8E610031C145 /* Entry.swift in Sources */,
				FBD1394922DF8C2800A58EFC /* ViewController.swift in Sources */,
				FBD1394722DF8C2800A58EFC /* AppDelegate.swift in Sources */,
			);
			runOnlyForDeploymentPostprocessing = 0;
		};
/* End PBXSourcesBuildPhase section */

/* Begin PBXVariantGroup section */
		FBD1394A22DF8C2800A58EFC /* Main.storyboard */ = {
			isa = PBXVariantGroup;
			children = (
				FBD1394B22DF8C2800A58EFC /* Base */,
			);
			name = Main.storyboard;
			sourceTree = "<group>";
		};
		FBD1394F22DF8C2900A58EFC /* LaunchScreen.storyboard */ = {
			isa = PBXVariantGroup;
			children = (
				FBD1395022DF8C2900A58EFC /* Base */,
			);
			name = LaunchScreen.storyboard;
			sourceTree = "<group>";
		};
/* End PBXVariantGroup section */

/* Begin XCBuildConfiguration section */
		FBD1395322DF8C2900A58EFC /* Debug */ = {
			isa = XCBuildConfiguration;
			buildSettings = {
				ALWAYS_SEARCH_USER_PATHS = NO;
				CLANG_ANALYZER_NONNULL = YES;
				CLANG_ANALYZER_NUMBER_OBJECT_CONVERSION = YES_AGGRESSIVE;
				CLANG_CXX_LANGUAGE_STANDARD = "gnu++14";
				CLANG_CXX_LIBRARY = "libc++";
				CLANG_ENABLE_MODULES = YES;
				CLANG_ENABLE_OBJC_ARC = YES;
				CLANG_ENABLE_OBJC_WEAK = YES;
				CLANG_WARN_BLOCK_CAPTURE_AUTORELEASING = YES;
				CLANG_WARN_BOOL_CONVERSION = YES;
				CLANG_WARN_COMMA = YES;
				CLANG_WARN_CONSTANT_CONVERSION = YES;
				CLANG_WARN_DEPRECATED_OBJC_IMPLEMENTATIONS = YES;
				CLANG_WARN_DIRECT_OBJC_ISA_USAGE = YES_ERROR;
				CLANG_WARN_DOCUMENTATION_COMMENTS = YES;
				CLANG_WARN_EMPTY_BODY = YES;
				CLANG_WARN_ENUM_CONVERSION = YES;
				CLANG_WARN_INFINITE_RECURSION = YES;
				CLANG_WARN_INT_CONVERSION = YES;
				CLANG_WARN_NON_LITERAL_NULL_CONVERSION = YES;
				CLANG_WARN_OBJC_IMPLICIT_RETAIN_SELF = YES;
				CLANG_WARN_OBJC_LITERAL_CONVERSION = YES;
				CLANG_WARN_OBJC_ROOT_CLASS = YES_ERROR;
				CLANG_WARN_RANGE_LOOP_ANALYSIS = YES;
				CLANG_WARN_STRICT_PROTOTYPES = YES;
				CLANG_WARN_SUSPICIOUS_MOVE = YES;
				CLANG_WARN_UNGUARDED_AVAILABILITY = YES_AGGRESSIVE;
				CLANG_WARN_UNREACHABLE_CODE = YES;
				CLANG_WARN__DUPLICATE_METHOD_MATCH = YES;
				CODE_SIGN_IDENTITY = "iPhone Developer";
				COPY_PHASE_STRIP = NO;
				DEBUG_INFORMATION_FORMAT = dwarf;
				ENABLE_STRICT_OBJC_MSGSEND = YES;
				ENABLE_TESTABILITY = YES;
				GCC_C_LANGUAGE_STANDARD = gnu11;
				GCC_DYNAMIC_NO_PIC = NO;
				GCC_NO_COMMON_BLOCKS = YES;
				GCC_OPTIMIZATION_LEVEL = 0;
				GCC_PREPROCESSOR_DEFINITIONS = (
					"DEBUG=1",
					"$(inherited)",
				);
				GCC_WARN_64_TO_32_BIT_CONVERSION = YES;
				GCC_WARN_ABOUT_RETURN_TYPE = YES_ERROR;
				GCC_WARN_UNDECLARED_SELECTOR = YES;
				GCC_WARN_UNINITIALIZED_AUTOS = YES_AGGRESSIVE;
				GCC_WARN_UNUSED_FUNCTION = YES;
				GCC_WARN_UNUSED_VARIABLE = YES;
				IPHONEOS_DEPLOYMENT_TARGET = 12.2;
				MTL_ENABLE_DEBUG_INFO = INCLUDE_SOURCE;
				MTL_FAST_MATH = YES;
				ONLY_ACTIVE_ARCH = YES;
				SDKROOT = iphoneos;
				SWIFT_ACTIVE_COMPILATION_CONDITIONS = DEBUG;
				SWIFT_OPTIMIZATION_LEVEL = "-Onone";
			};
			name = Debug;
		};
		FBD1395422DF8C2900A58EFC /* Release */ = {
			isa = XCBuildConfiguration;
			buildSettings = {
				ALWAYS_SEARCH_USER_PATHS = NO;
				CLANG_ANALYZER_NONNULL = YES;
				CLANG_ANALYZER_NUMBER_OBJECT_CONVERSION = YES_AGGRESSIVE;
				CLANG_CXX_LANGUAGE_STANDARD = "gnu++14";
				CLANG_CXX_LIBRARY = "libc++";
				CLANG_ENABLE_MODULES = YES;
				CLANG_ENABLE_OBJC_ARC = YES;
				CLANG_ENABLE_OBJC_WEAK = YES;
				CLANG_WARN_BLOCK_CAPTURE_AUTORELEASING = YES;
				CLANG_WARN_BOOL_CONVERSION = YES;
				CLANG_WARN_COMMA = YES;
				CLANG_WARN_CONSTANT_CONVERSION = YES;
				CLANG_WARN_DEPRECATED_OBJC_IMPLEMENTATIONS = YES;
				CLANG_WARN_DIRECT_OBJC_ISA_USAGE = YES_ERROR;
				CLANG_WARN_DOCUMENTATION_COMMENTS = YES;
				CLANG_WARN_EMPTY_BODY = YES;
				CLANG_WARN_ENUM_CONVERSION = YES;
				CLANG_WARN_INFINITE_RECURSION = YES;
				CLANG_WARN_INT_CONVERSION = YES;
				CLANG_WARN_NON_LITERAL_NULL_CONVERSION = YES;
				CLANG_WARN_OBJC_IMPLICIT_RETAIN_SELF = YES;
				CLANG_WARN_OBJC_LITERAL_CONVERSION = YES;
				CLANG_WARN_OBJC_ROOT_CLASS = YES_ERROR;
				CLANG_WARN_RANGE_LOOP_ANALYSIS = YES;
				CLANG_WARN_STRICT_PROTOTYPES = YES;
				CLANG_WARN_SUSPICIOUS_MOVE = YES;
				CLANG_WARN_UNGUARDED_AVAILABILITY = YES_AGGRESSIVE;
				CLANG_WARN_UNREACHABLE_CODE = YES;
				CLANG_WARN__DUPLICATE_METHOD_MATCH = YES;
				CODE_SIGN_IDENTITY = "iPhone Developer";
				COPY_PHASE_STRIP = NO;
				DEBUG_INFORMATION_FORMAT = "dwarf-with-dsym";
				ENABLE_NS_ASSERTIONS = NO;
				ENABLE_STRICT_OBJC_MSGSEND = YES;
				GCC_C_LANGUAGE_STANDARD = gnu11;
				GCC_NO_COMMON_BLOCKS = YES;
				GCC_WARN_64_TO_32_BIT_CONVERSION = YES;
				GCC_WARN_ABOUT_RETURN_TYPE = YES_ERROR;
				GCC_WARN_UNDECLARED_SELECTOR = YES;
				GCC_WARN_UNINITIALIZED_AUTOS = YES_AGGRESSIVE;
				GCC_WARN_UNUSED_FUNCTION = YES;
				GCC_WARN_UNUSED_VARIABLE = YES;
				IPHONEOS_DEPLOYMENT_TARGET = 12.2;
				MTL_ENABLE_DEBUG_INFO = NO;
				MTL_FAST_MATH = YES;
				SDKROOT = iphoneos;
				SWIFT_COMPILATION_MODE = wholemodule;
				SWIFT_OPTIMIZATION_LEVEL = "-O";
				VALIDATE_PRODUCT = YES;
			};
			name = Release;
		};
		FBD1395622DF8C2900A58EFC /* Debug */ = {
			isa = XCBuildConfiguration;
			buildSettings = {
				ASSETCATALOG_COMPILER_APPICON_NAME = AppIcon;
				CODE_SIGN_STYLE = Automatic;
				DEVELOPMENT_TEAM = 4J7B9732LY;
				INFOPLIST_FILE = JournalButCoolerCooler/Info.plist;
				LD_RUNPATH_SEARCH_PATHS = (
					"$(inherited)",
					"@executable_path/Frameworks",
				);
				PRODUCT_BUNDLE_IDENTIFIER = com.devmountain.JournalButCoolerCooler;
				PRODUCT_NAME = "$(TARGET_NAME)";
				SWIFT_VERSION = 5.0;
				TARGETED_DEVICE_FAMILY = "1,2";
			};
			name = Debug;
		};
		FBD1395722DF8C2900A58EFC /* Release */ = {
			isa = XCBuildConfiguration;
			buildSettings = {
				ASSETCATALOG_COMPILER_APPICON_NAME = AppIcon;
				CODE_SIGN_STYLE = Automatic;
				DEVELOPMENT_TEAM = 4J7B9732LY;
				INFOPLIST_FILE = JournalButCoolerCooler/Info.plist;
				LD_RUNPATH_SEARCH_PATHS = (
					"$(inherited)",
					"@executable_path/Frameworks",
				);
				PRODUCT_BUNDLE_IDENTIFIER = com.devmountain.JournalButCoolerCooler;
				PRODUCT_NAME = "$(TARGET_NAME)";
				SWIFT_VERSION = 5.0;
				TARGETED_DEVICE_FAMILY = "1,2";
			};
			name = Release;
		};
/* End XCBuildConfiguration section */

/* Begin XCConfigurationList section */
		FBD1393E22DF8C2800A58EFC /* Build configuration list for PBXProject "JournalButCoolerCooler" */ = {
			isa = XCConfigurationList;
			buildConfigurations = (
				FBD1395322DF8C2900A58EFC /* Debug */,
				FBD1395422DF8C2900A58EFC /* Release */,
			);
			defaultConfigurationIsVisible = 0;
			defaultConfigurationName = Release;
		};
		FBD1395522DF8C2900A58EFC /* Build configuration list for PBXNativeTarget "JournalButCoolerCooler" */ = {
			isa = XCConfigurationList;
			buildConfigurations = (
				FBD1395622DF8C2900A58EFC /* Debug */,
				FBD1395722DF8C2900A58EFC /* Release */,
			);
			defaultConfigurationIsVisible = 0;
			defaultConfigurationName = Release;
		};
/* End XCConfigurationList section */
	};
	rootObject = FBD1393B22DF8C2800A58EFC /* Project object */;
}
